Microsoft Visual Studio Solution File, Format Version 12.00
# Visual Studio 15
VisualStudioVersion = 15.0.27130.2010
MinimumVisualStudioVersion = 15.0.26124.0
Project("{6EC3EE1D-3C4E-46DD-8F32-0CC8E7565705}") = "ThereIsNoSpoon", "ThereIsNoSpoon\ThereIsNoSpoon.fsproj", "{DBF23A45-68CF-41C4-A734-1A1A399C2E2C}"
EndProject
Project("{6EC3EE1D-3C4E-46DD-8F32-0CC8E7565705}") = "ThereIsNoSpoon.Tests", "ThereIsNoSpoon.Tests\ThereIsNoSpoon.Tests.fsproj", "{AE9647E5-AD62-4205-8447-8EEFAB6F61F7}"
EndProject
Global
	GlobalSection(SolutionConfigurationPlatforms) = preSolution
		Debug|Any CPU = Debug|Any CPU
		Debug|x64 = Debug|x64
		Debug|x86 = Debug|x86
		Release|Any CPU = Release|Any CPU
		Release|x64 = Release|x64
		Release|x86 = Release|x86
	EndGlobalSection
	GlobalSection(ProjectConfigurationPlatforms) = postSolution
		{DBF23A45-68CF-41C4-A734-1A1A399C2E2C}.Debug|Any CPU.ActiveCfg = Debug|Any CPU
		{DBF23A45-68CF-41C4-A734-1A1A399C2E2C}.Debug|Any CPU.Build.0 = Debug|Any CPU
		{DBF23A45-68CF-41C4-A734-1A1A399C2E2C}.Debug|x64.ActiveCfg = Debug|Any CPU
		{DBF23A45-68CF-41C4-A734-1A1A399C2E2C}.Debug|x64.Build.0 = Debug|Any CPU
		{DBF23A45-68CF-41C4-A734-1A1A399C2E2C}.Debug|x86.ActiveCfg = Debug|Any CPU
		{DBF23A45-68CF-41C4-A734-1A1A399C2E2C}.Debug|x86.Build.0 = Debug|Any CPU
		{DBF23A45-68CF-41C4-A734-1A1A399C2E2C}.Release|Any CPU.ActiveCfg = Release|Any CPU
		{DBF23A45-68CF-41C4-A734-1A1A399C2E2C}.Release|Any CPU.Build.0 = Release|Any CPU
		{DBF23A45-68CF-41C4-A734-1A1A399C2E2C}.Release|x64.ActiveCfg = Release|Any CPU
		{DBF23A45-68CF-41C4-A734-1A1A399C2E2C}.Release|x64.Build.0 = Release|Any CPU
		{DBF23A45-68CF-41C4-A734-1A1A399C2E2C}.Release|x86.ActiveCfg = Release|Any CPU
		{DBF23A45-68CF-41C4-A734-1A1A399C2E2C}.Release|x86.Build.0 = Release|Any CPU
		{AE9647E5-AD62-4205-8447-8EEFAB6F61F7}.Debug|Any CPU.ActiveCfg = Debug|Any CPU
		{AE9647E5-AD62-4205-8447-8EEFAB6F61F7}.Debug|Any CPU.Build.0 = Debug|Any CPU
		{AE9647E5-AD62-4205-8447-8EEFAB6F61F7}.Debug|x64.ActiveCfg = Debug|Any CPU
		{AE9647E5-AD62-4205-8447-8EEFAB6F61F7}.Debug|x64.Build.0 = Debug|Any CPU
		{AE9647E5-AD62-4205-8447-8EEFAB6F61F7}.Debug|x86.ActiveCfg = Debug|Any CPU
		{AE9647E5-AD62-4205-8447-8EEFAB6F61F7}.Debug|x86.Build.0 = Debug|Any CPU
		{AE9647E5-AD62-4205-8447-8EEFAB6F61F7}.Release|Any CPU.ActiveCfg = Release|Any CPU
		{AE9647E5-AD62-4205-8447-8EEFAB6F61F7}.Release|Any CPU.Build.0 = Release|Any CPU
		{AE9647E5-AD62-4205-8447-8EEFAB6F61F7}.Release|x64.ActiveCfg = Release|Any CPU
		{AE9647E5-AD62-4205-8447-8EEFAB6F61F7}.Release|x64.Build.0 = Release|Any CPU
		{AE9647E5-AD62-4205-8447-8EEFAB6F61F7}.Release|x86.ActiveCfg = Release|Any CPU
		{AE9647E5-AD62-4205-8447-8EEFAB6F61F7}.Release|x86.Build.0 = Release|Any CPU
	EndGlobalSection
	GlobalSection(SolutionProperties) = preSolution
		HideSolutionNode = FALSE
	EndGlobalSection
	GlobalSection(ExtensibilityGlobals) = postSolution
		SolutionGuid = {D5F013FC-9658-4F40-83B0-59D376405D86}
	EndGlobalSection
EndGlobal
